// !$*UTF8*$!
{
	archiveVersion = 1;
	classes = {
	};
	objectVersion = 56;
	objects = {

/* Begin PBXBuildFile section */
		BA23493E2C57F7C7004DD7F9 /* BusinessCard.swift in Sources */ = {isa = PBXBuildFile; fileRef = BA23493D2C57F7C7004DD7F9 /* BusinessCard.swift */; };
		BA2349402C616A2A004DD7F9 /* HomeView.swift in Sources */ = {isa = PBXBuildFile; fileRef = BA23493F2C616A2A004DD7F9 /* HomeView.swift */; };
		BA2349422C616E6E004DD7F9 /* BusinessCardView.swift in Sources */ = {isa = PBXBuildFile; fileRef = BA2349412C616E6E004DD7F9 /* BusinessCardView.swift */; };
		BA2349482C650E43004DD7F9 /* Font+AvenirNext.swift in Sources */ = {isa = PBXBuildFile; fileRef = BA2349472C650E43004DD7F9 /* Font+AvenirNext.swift */; };
		BA23494A2C6D3088004DD7F9 /* CardEditorView.swift in Sources */ = {isa = PBXBuildFile; fileRef = BA2349492C6D3088004DD7F9 /* CardEditorView.swift */; };
		BA23494D2C78F31D004DD7F9 /* NearbyExchangeView.swift in Sources */ = {isa = PBXBuildFile; fileRef = BA23494C2C78F31D004DD7F9 /* NearbyExchangeView.swift */; };
		BA23494F2C78F32C004DD7F9 /* NearbyExchangeViewModel.swift in Sources */ = {isa = PBXBuildFile; fileRef = BA23494E2C78F32C004DD7F9 /* NearbyExchangeViewModel.swift */; };
		BA2349522C78F405004DD7F9 /* Constants.swift in Sources */ = {isa = PBXBuildFile; fileRef = BA2349512C78F405004DD7F9 /* Constants.swift */; };
		BAC79B3B2C25FFEC00DBD238 /* CardLinkApp.swift in Sources */ = {isa = PBXBuildFile; fileRef = BAC79B3A2C25FFEC00DBD238 /* CardLinkApp.swift */; };
		BAC79B3D2C25FFEC00DBD238 /* ContentView.swift in Sources */ = {isa = PBXBuildFile; fileRef = BAC79B3C2C25FFEC00DBD238 /* ContentView.swift */; };
		BAC79B3F2C25FFED00DBD238 /* Assets.xcassets in Resources */ = {isa = PBXBuildFile; fileRef = BAC79B3E2C25FFED00DBD238 /* Assets.xcassets */; };
		BAC79B422C25FFED00DBD238 /* Preview Assets.xcassets in Resources */ = {isa = PBXBuildFile; fileRef = BAC79B412C25FFED00DBD238 /* Preview Assets.xcassets */; };
		BAC79B442C25FFED00DBD238 /* Persistence.swift in Sources */ = {isa = PBXBuildFile; fileRef = BAC79B432C25FFED00DBD238 /* Persistence.swift */; };
		BAC79B472C25FFED00DBD238 /* CardLink.xcdatamodeld in Sources */ = {isa = PBXBuildFile; fileRef = BAC79B452C25FFED00DBD238 /* CardLink.xcdatamodeld */; };
/* End PBXBuildFile section */

/* Begin PBXFileReference section */
		BA23493D2C57F7C7004DD7F9 /* BusinessCard.swift */ = {isa = PBXFileReference; lastKnownFileType = sourcecode.swift; path = BusinessCard.swift; sourceTree = "<group>"; };
		BA23493F2C616A2A004DD7F9 /* HomeView.swift */ = {isa = PBXFileReference; lastKnownFileType = sourcecode.swift; path = HomeView.swift; sourceTree = "<group>"; };
		BA2349412C616E6E004DD7F9 /* BusinessCardView.swift */ = {isa = PBXFileReference; lastKnownFileType = sourcecode.swift; path = BusinessCardView.swift; sourceTree = "<group>"; };
		BA2349432C6170B8004DD7F9 /* README.md */ = {isa = PBXFileReference; lastKnownFileType = net.daringfireball.markdown; path = README.md; sourceTree = "<group>"; };
		BA2349472C650E43004DD7F9 /* Font+AvenirNext.swift */ = {isa = PBXFileReference; lastKnownFileType = sourcecode.swift; path = "Font+AvenirNext.swift"; sourceTree = "<group>"; };
		BA2349492C6D3088004DD7F9 /* CardEditorView.swift */ = {isa = PBXFileReference; lastKnownFileType = sourcecode.swift; path = CardEditorView.swift; sourceTree = "<group>"; };
		BA23494C2C78F31D004DD7F9 /* NearbyExchangeView.swift */ = {isa = PBXFileReference; lastKnownFileType = sourcecode.swift; path = NearbyExchangeView.swift; sourceTree = "<group>"; };
		BA23494E2C78F32C004DD7F9 /* NearbyExchangeViewModel.swift */ = {isa = PBXFileReference; lastKnownFileType = sourcecode.swift; path = NearbyExchangeViewModel.swift; sourceTree = "<group>"; };
		BA2349512C78F405004DD7F9 /* Constants.swift */ = {isa = PBXFileReference; lastKnownFileType = sourcecode.swift; path = Constants.swift; sourceTree = "<group>"; };
		BAC79B372C25FFEC00DBD238 /* CardLink.app */ = {isa = PBXFileReference; explicitFileType = wrapper.application; includeInIndex = 0; path = CardLink.app; sourceTree = BUILT_PRODUCTS_DIR; };
		BAC79B3A2C25FFEC00DBD238 /* CardLinkApp.swift */ = {isa = PBXFileReference; lastKnownFileType = sourcecode.swift; path = CardLinkApp.swift; sourceTree = "<group>"; };
		BAC79B3C2C25FFEC00DBD238 /* ContentView.swift */ = {isa = PBXFileReference; lastKnownFileType = sourcecode.swift; path = ContentView.swift; sourceTree = "<group>"; };
		BAC79B3E2C25FFED00DBD238 /* Assets.xcassets */ = {isa = PBXFileReference; lastKnownFileType = folder.assetcatalog; path = Assets.xcassets; sourceTree = "<group>"; };
		BAC79B412C25FFED00DBD238 /* Preview Assets.xcassets */ = {isa = PBXFileReference; lastKnownFileType = folder.assetcatalog; path = "Preview Assets.xcassets"; sourceTree = "<group>"; };
		BAC79B432C25FFED00DBD238 /* Persistence.swift */ = {isa = PBXFileReference; lastKnownFileType = sourcecode.swift; path = Persistence.swift; sourceTree = "<group>"; };
		BAC79B462C25FFED00DBD238 /* CardLink.xcdatamodel */ = {isa = PBXFileReference; lastKnownFileType = wrapper.xcdatamodel; path = CardLink.xcdatamodel; sourceTree = "<group>"; };
		BAC79B482C25FFED00DBD238 /* CardLink.entitlements */ = {isa = PBXFileReference; lastKnownFileType = text.plist.entitlements; path = CardLink.entitlements; sourceTree = "<group>"; };
		BAC79B492C25FFED00DBD238 /* Info.plist */ = {isa = PBXFileReference; lastKnownFileType = text.plist.xml; path = Info.plist; sourceTree = "<group>"; };
/* End PBXFileReference section */

/* Begin PBXFrameworksBuildPhase section */
		BAC79B342C25FFEC00DBD238 /* Frameworks */ = {
			isa = PBXFrameworksBuildPhase;
			buildActionMask = 2147483647;
			files = (
			);
			runOnlyForDeploymentPostprocessing = 0;
		};
/* End PBXFrameworksBuildPhase section */

/* Begin PBXGroup section */
		BA23493C2C57F7B7004DD7F9 /* Models */ = {
			isa = PBXGroup;
			children = (
				BA23493D2C57F7C7004DD7F9 /* BusinessCard.swift */,
			);
			path = Models;
			sourceTree = "<group>";
		};
		BA2349442C650D59004DD7F9 /* Extensions */ = {
			isa = PBXGroup;
			children = (
				BA2349472C650E43004DD7F9 /* Font+AvenirNext.swift */,
			);
			path = Extensions;
			sourceTree = "<group>";
		};
		BA23494B2C78F2A5004DD7F9 /* NearbyExchange */ = {
			isa = PBXGroup;
			children = (
				BA23494E2C78F32C004DD7F9 /* NearbyExchangeViewModel.swift */,
				BA23494C2C78F31D004DD7F9 /* NearbyExchangeView.swift */,
			);
			path = NearbyExchange;
			sourceTree = "<group>";
		};
		BA2349502C78F3FC004DD7F9 /* Helpers */ = {
			isa = PBXGroup;
			children = (
				BA2349512C78F405004DD7F9 /* Constants.swift */,
			);
			path = Helpers;
			sourceTree = "<group>";
		};
		BAC79B2E2C25FFEC00DBD238 = {
			isa = PBXGroup;
			children = (
				BA2349432C6170B8004DD7F9 /* README.md */,
				BAC79B392C25FFEC00DBD238 /* CardLink */,
				BAC79B382C25FFEC00DBD238 /* Products */,
			);
			sourceTree = "<group>";
		};
		BAC79B382C25FFEC00DBD238 /* Products */ = {
			isa = PBXGroup;
			children = (
				BAC79B372C25FFEC00DBD238 /* CardLink.app */,
			);
			name = Products;
			sourceTree = "<group>";
		};
		BAC79B392C25FFEC00DBD238 /* CardLink */ = {
			isa = PBXGroup;
			children = (
				BA23493C2C57F7B7004DD7F9 /* Models */,
				BAC79B3A2C25FFEC00DBD238 /* CardLinkApp.swift */,
				BAC79B3C2C25FFEC00DBD238 /* ContentView.swift */,
				BA23493F2C616A2A004DD7F9 /* HomeView.swift */,
				BA2349492C6D3088004DD7F9 /* CardEditorView.swift */,
				BA23494B2C78F2A5004DD7F9 /* NearbyExchange */,
				BA2349412C616E6E004DD7F9 /* BusinessCardView.swift */,
				BAC79B3E2C25FFED00DBD238 /* Assets.xcassets */,
				BAC79B432C25FFED00DBD238 /* Persistence.swift */,
				BA2349502C78F3FC004DD7F9 /* Helpers */,
				BA2349442C650D59004DD7F9 /* Extensions */,
				BAC79B482C25FFED00DBD238 /* CardLink.entitlements */,
				BAC79B492C25FFED00DBD238 /* Info.plist */,
				BAC79B452C25FFED00DBD238 /* CardLink.xcdatamodeld */,
				BAC79B402C25FFED00DBD238 /* Preview Content */,
			);
			path = CardLink;
			sourceTree = "<group>";
		};
		BAC79B402C25FFED00DBD238 /* Preview Content */ = {
			isa = PBXGroup;
			children = (
				BAC79B412C25FFED00DBD238 /* Preview Assets.xcassets */,
			);
			path = "Preview Content";
			sourceTree = "<group>";
		};
/* End PBXGroup section */

/* Begin PBXNativeTarget section */
		BAC79B362C25FFEC00DBD238 /* CardLink */ = {
			isa = PBXNativeTarget;
			buildConfigurationList = BAC79B4C2C25FFED00DBD238 /* Build configuration list for PBXNativeTarget "CardLink" */;
			buildPhases = (
				BAC79B332C25FFEC00DBD238 /* Sources */,
				BAC79B342C25FFEC00DBD238 /* Frameworks */,
				BAC79B352C25FFEC00DBD238 /* Resources */,
			);
			buildRules = (
			);
			dependencies = (
			);
			name = CardLink;
			productName = CardLink;
			productReference = BAC79B372C25FFEC00DBD238 /* CardLink.app */;
			productType = "com.apple.product-type.application";
		};
/* End PBXNativeTarget section */

/* Begin PBXProject section */
		BAC79B2F2C25FFEC00DBD238 /* Project object */ = {
			isa = PBXProject;
			attributes = {
				BuildIndependentTargetsInParallel = 1;
				LastSwiftUpdateCheck = 1500;
				LastUpgradeCheck = 1500;
				TargetAttributes = {
					BAC79B362C25FFEC00DBD238 = {
						CreatedOnToolsVersion = 15.0;
					};
				};
			};
			buildConfigurationList = BAC79B322C25FFEC00DBD238 /* Build configuration list for PBXProject "CardLink" */;
			compatibilityVersion = "Xcode 14.0";
			developmentRegion = en;
			hasScannedForEncodings = 0;
			knownRegions = (
				en,
				Base,
			);
			mainGroup = BAC79B2E2C25FFEC00DBD238;
			productRefGroup = BAC79B382C25FFEC00DBD238 /* Products */;
			projectDirPath = "";
			projectRoot = "";
			targets = (
				BAC79B362C25FFEC00DBD238 /* CardLink */,
			);
		};
/* End PBXProject section */

/* Begin PBXResourcesBuildPhase section */
		BAC79B352C25FFEC00DBD238 /* Resources */ = {
			isa = PBXResourcesBuildPhase;
			buildActionMask = 2147483647;
			files = (
				BAC79B422C25FFED00DBD238 /* Preview Assets.xcassets in Resources */,
				BAC79B3F2C25FFED00DBD238 /* Assets.xcassets in Resources */,
			);
			runOnlyForDeploymentPostprocessing = 0;
		};
/* End PBXResourcesBuildPhase section */

/* Begin PBXSourcesBuildPhase section */
		BAC79B332C25FFEC00DBD238 /* Sources */ = {
			isa = PBXSourcesBuildPhase;
			buildActionMask = 2147483647;
			files = (
				BAC79B442C25FFED00DBD238 /* Persistence.swift in Sources */,
				BAC79B472C25FFED00DBD238 /* CardLink.xcdatamodeld in Sources */,
				BA23494F2C78F32C004DD7F9 /* NearbyExchangeViewModel.swift in Sources */,
				BA23494D2C78F31D004DD7F9 /* NearbyExchangeView.swift in Sources */,
				BA23494A2C6D3088004DD7F9 /* CardEditorView.swift in Sources */,
				BA23493E2C57F7C7004DD7F9 /* BusinessCard.swift in Sources */,
				BA2349402C616A2A004DD7F9 /* HomeView.swift in Sources */,
				BAC79B3D2C25FFEC00DBD238 /* ContentView.swift in Sources */,
				BAC79B3B2C25FFEC00DBD238 /* CardLinkApp.swift in Sources */,
				BA2349482C650E43004DD7F9 /* Font+AvenirNext.swift in Sources */,
				BA2349422C616E6E004DD7F9 /* BusinessCardView.swift in Sources */,
				BA2349522C78F405004DD7F9 /* Constants.swift in Sources */,
			);
			runOnlyForDeploymentPostprocessing = 0;
		};
/* End PBXSourcesBuildPhase section */

/* Begin XCBuildConfiguration section */
		BAC79B4A2C25FFED00DBD238 /* Debug */ = {
			isa = XCBuildConfiguration;
			buildSettings = {
				ALWAYS_SEARCH_USER_PATHS = NO;
				ASSETCATALOG_COMPILER_GENERATE_SWIFT_ASSET_SYMBOL_EXTENSIONS = YES;
				CLANG_ANALYZER_NONNULL = YES;
				CLANG_ANALYZER_NUMBER_OBJECT_CONVERSION = YES_AGGRESSIVE;
				CLANG_CXX_LANGUAGE_STANDARD = "gnu++20";
				CLANG_ENABLE_MODULES = YES;
				CLANG_ENABLE_OBJC_ARC = YES;
				CLANG_ENABLE_OBJC_WEAK = YES;
				CLANG_WARN_BLOCK_CAPTURE_AUTORELEASING = YES;
				CLANG_WARN_BOOL_CONVERSION = YES;
				CLANG_WARN_COMMA = YES;
				CLANG_WARN_CONSTANT_CONVERSION = YES;
				CLANG_WARN_DEPRECATED_OBJC_IMPLEMENTATIONS = YES;
				CLANG_WARN_DIRECT_OBJC_ISA_USAGE = YES_ERROR;
				CLANG_WARN_DOCUMENTATION_COMMENTS = YES;
				CLANG_WARN_EMPTY_BODY = YES;
				CLANG_WARN_ENUM_CONVERSION = YES;
				CLANG_WARN_INFINITE_RECURSION = YES;
				CLANG_WARN_INT_CONVERSION = YES;
				CLANG_WARN_NON_LITERAL_NULL_CONVERSION = YES;
				CLANG_WARN_OBJC_IMPLICIT_RETAIN_SELF = YES;
				CLANG_WARN_OBJC_LITERAL_CONVERSION = YES;
				CLANG_WARN_OBJC_ROOT_CLASS = YES_ERROR;
				CLANG_WARN_QUOTED_INCLUDE_IN_FRAMEWORK_HEADER = YES;
				CLANG_WARN_RANGE_LOOP_ANALYSIS = YES;
				CLANG_WARN_STRICT_PROTOTYPES = YES;
				CLANG_WARN_SUSPICIOUS_MOVE = YES;
				CLANG_WARN_UNGUARDED_AVAILABILITY = YES_AGGRESSIVE;
				CLANG_WARN_UNREACHABLE_CODE = YES;
				CLANG_WARN__DUPLICATE_METHOD_MATCH = YES;
				COPY_PHASE_STRIP = NO;
				DEBUG_INFORMATION_FORMAT = dwarf;
				ENABLE_STRICT_OBJC_MSGSEND = YES;
				ENABLE_TESTABILITY = YES;
				ENABLE_USER_SCRIPT_SANDBOXING = YES;
				GCC_C_LANGUAGE_STANDARD = gnu17;
				GCC_DYNAMIC_NO_PIC = NO;
				GCC_NO_COMMON_BLOCKS = YES;
				GCC_OPTIMIZATION_LEVEL = 0;
				GCC_PREPROCESSOR_DEFINITIONS = (
					"DEBUG=1",
					"$(inherited)",
				);
				GCC_WARN_64_TO_32_BIT_CONVERSION = YES;
				GCC_WARN_ABOUT_RETURN_TYPE = YES_ERROR;
				GCC_WARN_UNDECLARED_SELECTOR = YES;
				GCC_WARN_UNINITIALIZED_AUTOS = YES_AGGRESSIVE;
				GCC_WARN_UNUSED_FUNCTION = YES;
				GCC_WARN_UNUSED_VARIABLE = YES;
				IPHONEOS_DEPLOYMENT_TARGET = 17.0;
				LOCALIZATION_PREFERS_STRING_CATALOGS = YES;
				MTL_ENABLE_DEBUG_INFO = INCLUDE_SOURCE;
				MTL_FAST_MATH = YES;
				ONLY_ACTIVE_ARCH = YES;
				SDKROOT = iphoneos;
				SWIFT_ACTIVE_COMPILATION_CONDITIONS = "DEBUG $(inherited)";
				SWIFT_OPTIMIZATION_LEVEL = "-Onone";
			};
			name = Debug;
		};
		BAC79B4B2C25FFED00DBD238 /* Release */ = {
			isa = XCBuildConfiguration;
			buildSettings = {
				ALWAYS_SEARCH_USER_PATHS = NO;
				ASSETCATALOG_COMPILER_GENERATE_SWIFT_ASSET_SYMBOL_EXTENSIONS = YES;
				CLANG_ANALYZER_NONNULL = YES;
				CLANG_ANALYZER_NUMBER_OBJECT_CONVERSION = YES_AGGRESSIVE;
				CLANG_CXX_LANGUAGE_STANDARD = "gnu++20";
				CLANG_ENABLE_MODULES = YES;
				CLANG_ENABLE_OBJC_ARC = YES;
				CLANG_ENABLE_OBJC_WEAK = YES;
				CLANG_WARN_BLOCK_CAPTURE_AUTORELEASING = YES;
				CLANG_WARN_BOOL_CONVERSION = YES;
				CLANG_WARN_COMMA = YES;
				CLANG_WARN_CONSTANT_CONVERSION = YES;
				CLANG_WARN_DEPRECATED_OBJC_IMPLEMENTATIONS = YES;
				CLANG_WARN_DIRECT_OBJC_ISA_USAGE = YES_ERROR;
				CLANG_WARN_DOCUMENTATION_COMMENTS = YES;
				CLANG_WARN_EMPTY_BODY = YES;
				CLANG_WARN_ENUM_CONVERSION = YES;
				CLANG_WARN_INFINITE_RECURSION = YES;
				CLANG_WARN_INT_CONVERSION = YES;
				CLANG_WARN_NON_LITERAL_NULL_CONVERSION = YES;
				CLANG_WARN_OBJC_IMPLICIT_RETAIN_SELF = YES;
				CLANG_WARN_OBJC_LITERAL_CONVERSION = YES;
				CLANG_WARN_OBJC_ROOT_CLASS = YES_ERROR;
				CLANG_WARN_QUOTED_INCLUDE_IN_FRAMEWORK_HEADER = YES;
				CLANG_WARN_RANGE_LOOP_ANALYSIS = YES;
				CLANG_WARN_STRICT_PROTOTYPES = YES;
				CLANG_WARN_SUSPICIOUS_MOVE = YES;
				CLANG_WARN_UNGUARDED_AVAILABILITY = YES_AGGRESSIVE;
				CLANG_WARN_UNREACHABLE_CODE = YES;
				CLANG_WARN__DUPLICATE_METHOD_MATCH = YES;
				COPY_PHASE_STRIP = NO;
				DEBUG_INFORMATION_FORMAT = "dwarf-with-dsym";
				ENABLE_NS_ASSERTIONS = NO;
				ENABLE_STRICT_OBJC_MSGSEND = YES;
				ENABLE_USER_SCRIPT_SANDBOXING = YES;
				GCC_C_LANGUAGE_STANDARD = gnu17;
				GCC_NO_COMMON_BLOCKS = YES;
				GCC_WARN_64_TO_32_BIT_CONVERSION = YES;
				GCC_WARN_ABOUT_RETURN_TYPE = YES_ERROR;
				GCC_WARN_UNDECLARED_SELECTOR = YES;
				GCC_WARN_UNINITIALIZED_AUTOS = YES_AGGRESSIVE;
				GCC_WARN_UNUSED_FUNCTION = YES;
				GCC_WARN_UNUSED_VARIABLE = YES;
				IPHONEOS_DEPLOYMENT_TARGET = 17.0;
				LOCALIZATION_PREFERS_STRING_CATALOGS = YES;
				MTL_ENABLE_DEBUG_INFO = NO;
				MTL_FAST_MATH = YES;
				SDKROOT = iphoneos;
				SWIFT_COMPILATION_MODE = wholemodule;
				VALIDATE_PRODUCT = YES;
			};
			name = Release;
		};
		BAC79B4D2C25FFED00DBD238 /* Debug */ = {
			isa = XCBuildConfiguration;
			buildSettings = {
				ASSETCATALOG_COMPILER_APPICON_NAME = AppIcon;
				ASSETCATALOG_COMPILER_GLOBAL_ACCENT_COLOR_NAME = AccentColor;
				CODE_SIGN_ENTITLEMENTS = CardLink/CardLink.entitlements;
				CODE_SIGN_STYLE = Automatic;
				CURRENT_PROJECT_VERSION = 1;
				DEVELOPMENT_ASSET_PATHS = "\"CardLink/Preview Content\"";
				DEVELOPMENT_TEAM = YX56X85BZA;
				ENABLE_PREVIEWS = YES;
				GENERATE_INFOPLIST_FILE = YES;
				INFOPLIST_FILE = CardLink/Info.plist;
				INFOPLIST_KEY_UIApplicationSceneManifest_Generation = YES;
				INFOPLIST_KEY_UIApplicationSupportsIndirectInputEvents = YES;
				INFOPLIST_KEY_UILaunchScreen_Generation = YES;
				INFOPLIST_KEY_UISupportedInterfaceOrientations_iPad = "UIInterfaceOrientationPortrait UIInterfaceOrientationPortraitUpsideDown UIInterfaceOrientationLandscapeLeft UIInterfaceOrientationLandscapeRight";
				INFOPLIST_KEY_UISupportedInterfaceOrientations_iPhone = "UIInterfaceOrientationPortrait UIInterfaceOrientationLandscapeLeft UIInterfaceOrientationLandscapeRight";
				LD_RUNPATH_SEARCH_PATHS = (
					"$(inherited)",
					"@executable_path/Frameworks",
				);
				MARKETING_VERSION = 1.0;
				PRODUCT_BUNDLE_IDENTIFIER = com.mdsahilak.CardLink;
				PRODUCT_NAME = "$(TARGET_NAME)";
				SWIFT_EMIT_LOC_STRINGS = YES;
				SWIFT_VERSION = 5.0;
				TARGETED_DEVICE_FAMILY = "1,2";
			};
			name = Debug;
		};
		BAC79B4E2C25FFED00DBD238 /* Release */ = {
			isa = XCBuildConfiguration;
			buildSettings = {
				ASSETCATALOG_COMPILER_APPICON_NAME = AppIcon;
				ASSETCATALOG_COMPILER_GLOBAL_ACCENT_COLOR_NAME = AccentColor;
				CODE_SIGN_ENTITLEMENTS = CardLink/CardLink.entitlements;
				CODE_SIGN_STYLE = Automatic;
				CURRENT_PROJECT_VERSION = 1;
				DEVELOPMENT_ASSET_PATHS = "\"CardLink/Preview Content\"";
				DEVELOPMENT_TEAM = YX56X85BZA;
				ENABLE_PREVIEWS = YES;
				GENERATE_INFOPLIST_FILE = YES;
				INFOPLIST_FILE = CardLink/Info.plist;
				INFOPLIST_KEY_UIApplicationSceneManifest_Generation = YES;
				INFOPLIST_KEY_UIApplicationSupportsIndirectInputEvents = YES;
				INFOPLIST_KEY_UILaunchScreen_Generation = YES;
				INFOPLIST_KEY_UISupportedInterfaceOrientations_iPad = "UIInterfaceOrientationPortrait UIInterfaceOrientationPortraitUpsideDown UIInterfaceOrientationLandscapeLeft UIInterfaceOrientationLandscapeRight";
				INFOPLIST_KEY_UISupportedInterfaceOrientations_iPhone = "UIInterfaceOrientationPortrait UIInterfaceOrientationLandscapeLeft UIInterfaceOrientationLandscapeRight";
				LD_RUNPATH_SEARCH_PATHS = (
					"$(inherited)",
					"@executable_path/Frameworks",
				);
				MARKETING_VERSION = 1.0;
				PRODUCT_BUNDLE_IDENTIFIER = com.mdsahilak.CardLink;
				PRODUCT_NAME = "$(TARGET_NAME)";
				SWIFT_EMIT_LOC_STRINGS = YES;
				SWIFT_VERSION = 5.0;
				TARGETED_DEVICE_FAMILY = "1,2";
			};
			name = Release;
		};
/* End XCBuildConfiguration section */

/* Begin XCConfigurationList section */
		BAC79B322C25FFEC00DBD238 /* Build configuration list for PBXProject "CardLink" */ = {
			isa = XCConfigurationList;
			buildConfigurations = (
				BAC79B4A2C25FFED00DBD238 /* Debug */,
				BAC79B4B2C25FFED00DBD238 /* Release */,
			);
			defaultConfigurationIsVisible = 0;
			defaultConfigurationName = Release;
		};
		BAC79B4C2C25FFED00DBD238 /* Build configuration list for PBXNativeTarget "CardLink" */ = {
			isa = XCConfigurationList;
			buildConfigurations = (
				BAC79B4D2C25FFED00DBD238 /* Debug */,
				BAC79B4E2C25FFED00DBD238 /* Release */,
			);
			defaultConfigurationIsVisible = 0;
			defaultConfigurationName = Release;
		};
/* End XCConfigurationList section */

/* Begin XCVersionGroup section */
		BAC79B452C25FFED00DBD238 /* CardLink.xcdatamodeld */ = {
			isa = XCVersionGroup;
			children = (
				BAC79B462C25FFED00DBD238 /* CardLink.xcdatamodel */,
			);
			currentVersion = BAC79B462C25FFED00DBD238 /* CardLink.xcdatamodel */;
			path = CardLink.xcdatamodeld;
			sourceTree = "<group>";
			versionGroupType = wrapper.xcdatamodel;
		};
/* End XCVersionGroup section */
	};
	rootObject = BAC79B2F2C25FFEC00DBD238 /* Project object */;
}
